Microsoft Visual Studio Solution File, Format Version 7.00
Project("{54435603-DBB4-11D2-8724-00A0C9A8B90C}") = "CryptoSafe Setup", "CryptoSafe Setup.vdproj", "{37C53FF6-6E1F-48F2-9406-9F13F52BA7B2}"
EndProject
Global
	GlobalSection(SolutionConfiguration) = preSolution
		ConfigName.0 = Debug
		ConfigName.1 = Release
	EndGlobalSection
	GlobalSection(ProjectDependencies) = postSolution
	EndGlobalSection
	GlobalSection(ProjectConfiguration) = postSolution
		{37C53FF6-6E1F-48F2-9406-9F13F52BA7B2}.Debug.ActiveCfg = Debug
		{37C53FF6-6E1F-48F2-9406-9F13F52BA7B2}.Debug.Build.0 = Debug
		{37C53FF6-6E1F-48F2-9406-9F13F52BA7B2}.Release.ActiveCfg = Release
		{37C53FF6-6E1F-48F2-9406-9F13F52BA7B2}.Release.Build.0 = Release
	EndGlobalSection
	GlobalSection(ExtensibilityGlobals) = postSolution
	EndGlobalSection
	GlobalSection(ExtensibilityAddIns) = postSolution
	EndGlobalSection
EndGlobal
